
Microsoft Visual Studio Solution File, Format Version 12.00
# Visual Studio Version 16
VisualStudioVersion = 16.0.30413.136
MinimumVisualStudioVersion = 10.0.40219.1
Project("{9A19103F-16F7-4668-BE54-9A1E7A4F7556}") = "Webshop.Logic", "Webshop.Business\Webshop.Logic.csproj", "{B7D06CB8-DFF7-4311-B57D-1D973A87E298}"
EndProject
Project("{9A19103F-16F7-4668-BE54-9A1E7A4F7556}") = "Webshop.Data", "Webshop.Data\Webshop.Data.csproj", "{CA443CE2-EEEB-43CD-9B35-ADA003E04023}"
EndProject
Project("{9A19103F-16F7-4668-BE54-9A1E7A4F7556}") = "Webshop.UI", "Webshop.UI\Webshop.UI.csproj", "{BC00F406-E4DB-4849-BC86-6B9951BA1C3E}"
EndProject
Project("{9A19103F-16F7-4668-BE54-9A1E7A4F7556}") = "Webshop.Interface", "Webshop.Interface\Webshop.Interface.csproj", "{6F92F13F-68E0-41A0-BFAA-8BC012BB354C}"
EndProject
Project("{FAE04EC0-301F-11D3-BF4B-00C04F79EFBC}") = "Webshop.Factory", "Webshop.Factory\Webshop.Factory.csproj", "{38A6D97C-062C-4FBC-8538-90CFD19F0B3F}"
EndProject
Global
	GlobalSection(SolutionConfigurationPlatforms) = preSolution
		Debug|Any CPU = Debug|Any CPU
		Release|Any CPU = Release|Any CPU
	EndGlobalSection
	GlobalSection(ProjectConfigurationPlatforms) = postSolution
		{B7D06CB8-DFF7-4311-B57D-1D973A87E298}.Debug|Any CPU.ActiveCfg = Debug|Any CPU
		{B7D06CB8-DFF7-4311-B57D-1D973A87E298}.Debug|Any CPU.Build.0 = Debug|Any CPU
		{B7D06CB8-DFF7-4311-B57D-1D973A87E298}.Release|Any CPU.ActiveCfg = Release|Any CPU
		{B7D06CB8-DFF7-4311-B57D-1D973A87E298}.Release|Any CPU.Build.0 = Release|Any CPU
		{CA443CE2-EEEB-43CD-9B35-ADA003E04023}.Debug|Any CPU.ActiveCfg = Debug|Any CPU
		{CA443CE2-EEEB-43CD-9B35-ADA003E04023}.Debug|Any CPU.Build.0 = Debug|Any CPU
		{CA443CE2-EEEB-43CD-9B35-ADA003E04023}.Release|Any CPU.ActiveCfg = Release|Any CPU
		{CA443CE2-EEEB-43CD-9B35-ADA003E04023}.Release|Any CPU.Build.0 = Release|Any CPU
		{BC00F406-E4DB-4849-BC86-6B9951BA1C3E}.Debug|Any CPU.ActiveCfg = Debug|Any CPU
		{BC00F406-E4DB-4849-BC86-6B9951BA1C3E}.Debug|Any CPU.Build.0 = Debug|Any CPU
		{BC00F406-E4DB-4849-BC86-6B9951BA1C3E}.Release|Any CPU.ActiveCfg = Release|Any CPU
		{BC00F406-E4DB-4849-BC86-6B9951BA1C3E}.Release|Any CPU.Build.0 = Release|Any CPU
		{6F92F13F-68E0-41A0-BFAA-8BC012BB354C}.Debug|Any CPU.ActiveCfg = Debug|Any CPU
		{6F92F13F-68E0-41A0-BFAA-8BC012BB354C}.Debug|Any CPU.Build.0 = Debug|Any CPU
		{6F92F13F-68E0-41A0-BFAA-8BC012BB354C}.Release|Any CPU.ActiveCfg = Release|Any CPU
		{6F92F13F-68E0-41A0-BFAA-8BC012BB354C}.Release|Any CPU.Build.0 = Release|Any CPU
		{38A6D97C-062C-4FBC-8538-90CFD19F0B3F}.Debug|Any CPU.ActiveCfg = Debug|Any CPU
		{38A6D97C-062C-4FBC-8538-90CFD19F0B3F}.Debug|Any CPU.Build.0 = Debug|Any CPU
		{38A6D97C-062C-4FBC-8538-90CFD19F0B3F}.Release|Any CPU.ActiveCfg = Release|Any CPU
		{38A6D97C-062C-4FBC-8538-90CFD19F0B3F}.Release|Any CPU.Build.0 = Release|Any CPU
	EndGlobalSection
	GlobalSection(SolutionProperties) = preSolution
		HideSolutionNode = FALSE
	EndGlobalSection
	GlobalSection(ExtensibilityGlobals) = postSolution
		SolutionGuid = {546D9910-E82E-4654-A3A2-686BA82AEF43}
	EndGlobalSection
EndGlobal
